
Microsoft Visual Studio Solution File, Format Version 12.00
# Visual Studio Version 17
VisualStudioVersion = 17.5.33502.453
MinimumVisualStudioVersion = 10.0.40219.1
Project("{888888A0-9F3D-457C-B088-3A5042F75D52}") = "Python Chapter 6", "Python Chapter 6.pyproj", "{5AAB419F-B00D-4EF6-AEBF-05B5C38B96F0}"
EndProject
Global
	GlobalSection(SolutionConfigurationPlatforms) = preSolution
		Debug|Any CPU = Debug|Any CPU
		Release|Any CPU = Release|Any CPU
	EndGlobalSection
	GlobalSection(ProjectConfigurationPlatforms) = postSolution
		{5AAB419F-B00D-4EF6-AEBF-05B5C38B96F0}.Debug|Any CPU.ActiveCfg = Debug|Any CPU
		{5AAB419F-B00D-4EF6-AEBF-05B5C38B96F0}.Release|Any CPU.ActiveCfg = Release|Any CPU
	EndGlobalSection
	GlobalSection(SolutionProperties) = preSolution
		HideSolutionNode = FALSE
	EndGlobalSection
	GlobalSection(ExtensibilityGlobals) = postSolution
		SolutionGuid = {122DC1E1-3A33-4FD7-85A1-C9FC57CDF9A1}
	EndGlobalSection
EndGlobal
